
Microsoft Visual Studio Solution File, Format Version 12.00
# Visual Studio 15
VisualStudioVersion = 15.0.27428.2037
MinimumVisualStudioVersion = 10.0.40219.1
Project("{FAE04EC0-301F-11D3-BF4B-00C04F79EFBC}") = "MatchTemplate", "MatchTemplate\MatchTemplate.csproj", "{C58A8DDB-4EAE-4E37-BE8E-F1047F7D491E}"
EndProject
Project("{8BC9CEB8-8B4A-11D0-8D11-00A0C91BC942}") = "MatchNative", "MatchNative\MatchNative.vcxproj", "{9DC34C21-100B-4695-B635-6D703348AE7F}"
EndProject
Global
	GlobalSection(SolutionConfigurationPlatforms) = preSolution
		Debug|Any CPU = Debug|Any CPU
		Debug|x64 = Debug|x64
		Debug|x86 = Debug|x86
		Release|Any CPU = Release|Any CPU
		Release|x64 = Release|x64
		Release|x86 = Release|x86
	EndGlobalSection
	GlobalSection(ProjectConfigurationPlatforms) = postSolution
		{C58A8DDB-4EAE-4E37-BE8E-F1047F7D491E}.Debug|Any CPU.ActiveCfg = Debug|Any CPU
		{C58A8DDB-4EAE-4E37-BE8E-F1047F7D491E}.Debug|Any CPU.Build.0 = Debug|Any CPU
		{C58A8DDB-4EAE-4E37-BE8E-F1047F7D491E}.Debug|x64.ActiveCfg = Debug|Any CPU
		{C58A8DDB-4EAE-4E37-BE8E-F1047F7D491E}.Debug|x64.Build.0 = Debug|Any CPU
		{C58A8DDB-4EAE-4E37-BE8E-F1047F7D491E}.Debug|x86.ActiveCfg = Debug|Any CPU
		{C58A8DDB-4EAE-4E37-BE8E-F1047F7D491E}.Debug|x86.Build.0 = Debug|Any CPU
		{C58A8DDB-4EAE-4E37-BE8E-F1047F7D491E}.Release|Any CPU.ActiveCfg = Release|Any CPU
		{C58A8DDB-4EAE-4E37-BE8E-F1047F7D491E}.Release|Any CPU.Build.0 = Release|Any CPU
		{C58A8DDB-4EAE-4E37-BE8E-F1047F7D491E}.Release|x64.ActiveCfg = Release|Any CPU
		{C58A8DDB-4EAE-4E37-BE8E-F1047F7D491E}.Release|x64.Build.0 = Release|Any CPU
		{C58A8DDB-4EAE-4E37-BE8E-F1047F7D491E}.Release|x86.ActiveCfg = Release|Any CPU
		{C58A8DDB-4EAE-4E37-BE8E-F1047F7D491E}.Release|x86.Build.0 = Release|Any CPU
		{9DC34C21-100B-4695-B635-6D703348AE7F}.Debug|Any CPU.ActiveCfg = Debug|Win32
		{9DC34C21-100B-4695-B635-6D703348AE7F}.Debug|x64.ActiveCfg = Debug|x64
		{9DC34C21-100B-4695-B635-6D703348AE7F}.Debug|x64.Build.0 = Debug|x64
		{9DC34C21-100B-4695-B635-6D703348AE7F}.Debug|x86.ActiveCfg = Debug|Win32
		{9DC34C21-100B-4695-B635-6D703348AE7F}.Debug|x86.Build.0 = Debug|Win32
		{9DC34C21-100B-4695-B635-6D703348AE7F}.Release|Any CPU.ActiveCfg = Release|Win32
		{9DC34C21-100B-4695-B635-6D703348AE7F}.Release|x64.ActiveCfg = Release|x64
		{9DC34C21-100B-4695-B635-6D703348AE7F}.Release|x64.Build.0 = Release|x64
		{9DC34C21-100B-4695-B635-6D703348AE7F}.Release|x86.ActiveCfg = Release|Win32
		{9DC34C21-100B-4695-B635-6D703348AE7F}.Release|x86.Build.0 = Release|Win32
	EndGlobalSection
	GlobalSection(SolutionProperties) = preSolution
		HideSolutionNode = FALSE
	EndGlobalSection
	GlobalSection(ExtensibilityGlobals) = postSolution
		SolutionGuid = {41137246-5402-4621-B505-916137DB47E8}
	EndGlobalSection
EndGlobal
